
Microsoft Visual Studio Solution File, Format Version 12.00
# Visual Studio Version 17
VisualStudioVersion = 17.7.34018.315
MinimumVisualStudioVersion = 10.0.40219.1
Project("{FAE04EC0-301F-11D3-BF4B-00C04F79EFBC}") = "KutuphaneOtomasyonWinForm", "KutuphaneOtomasyonWinForm\KutuphaneOtomasyonWinForm.csproj", "{E706BB2A-9045-4208-80AB-DFD910FD4A43}"
EndProject
Global
	GlobalSection(SolutionConfigurationPlatforms) = preSolution
		Debug|Any CPU = Debug|Any CPU
		Release|Any CPU = Release|Any CPU
	EndGlobalSection
	GlobalSection(ProjectConfigurationPlatforms) = postSolution
		{E706BB2A-9045-4208-80AB-DFD910FD4A43}.Debug|Any CPU.ActiveCfg = Debug|Any CPU
		{E706BB2A-9045-4208-80AB-DFD910FD4A43}.Debug|Any CPU.Build.0 = Debug|Any CPU
		{E706BB2A-9045-4208-80AB-DFD910FD4A43}.Release|Any CPU.ActiveCfg = Release|Any CPU
		{E706BB2A-9045-4208-80AB-DFD910FD4A43}.Release|Any CPU.Build.0 = Release|Any CPU
	EndGlobalSection
	GlobalSection(SolutionProperties) = preSolution
		HideSolutionNode = FALSE
	EndGlobalSection
	GlobalSection(ExtensibilityGlobals) = postSolution
		SolutionGuid = {CF7871B2-7976-4EB3-86B1-E998DFF1B7CD}
	EndGlobalSection
EndGlobal
